
Microsoft Visual Studio Solution File, Format Version 10.00
# Visual Studio 2008
Project("{8BC9CEB9-8B4A-11D0-8D11-00A0C91BC942}") = "iexplore.exe", "..\..\..\Program Files\Internet Explorer\iexplore.exe", "{96F83198-B31F-494F-90E2-2B75287D4037}"
EndProject
Project("{2150E333-8FDC-42A3-9474-1A3956D46DE8}") = "scripts", "scripts", "{250275FF-D924-4EED-8C40-A973A4C05B31}"
	ProjectSection(SolutionItems) = preProject
		javascripts\com\mnemis\wb\controllers\WBBoardController.js = javascripts\com\mnemis\wb\controllers\WBBoardController.js
		javascripts\com\mnemis\wb\controllers\WBDrawingController.js = javascripts\com\mnemis\wb\controllers\WBDrawingController.js
		javascripts\com\mnemis\wb\core\WBEditor.js = javascripts\com\mnemis\wb\core\WBEditor.js
		javascripts\com\mnemis\wb\model\WBItem.js = javascripts\com\mnemis\wb\model\WBItem.js
		javascripts\com\mnemis\wb\core\WBMain.js = javascripts\com\mnemis\wb\core\WBMain.js
		javascripts\com\mnemis\wb\model\WBPage.js = javascripts\com\mnemis\wb\model\WBPage.js
		javascripts\com\mnemis\wb\adaptors\WBSvgRenderer.js = javascripts\com\mnemis\wb\adaptors\WBSvgRenderer.js
		javascripts\com\mnemis\wb\core\WBViewer.js = javascripts\com\mnemis\wb\core\WBViewer.js
		javascripts\com\mnemis\wb\adaptors\WBVmlRenderer.js = javascripts\com\mnemis\wb\adaptors\WBVmlRenderer.js
	EndProjectSection
EndProject
Global
	GlobalSection(SolutionConfigurationPlatforms) = preSolution
		Debug|Default = Debug|Default
	EndGlobalSection
	GlobalSection(ProjectConfigurationPlatforms) = postSolution
		{96F83198-B31F-494F-90E2-2B75287D4037}.Debug|Default.ActiveCfg = Debug
	EndGlobalSection
	GlobalSection(SolutionProperties) = preSolution
		HideSolutionNode = FALSE
	EndGlobalSection
EndGlobal
